
Microsoft Visual Studio Solution File, Format Version 12.00
# Visual Studio Version 17
VisualStudioVersion = 17.12.35707.178
MinimumVisualStudioVersion = 10.0.40219.1
Project("{FAE04EC0-301F-11D3-BF4B-00C04F79EFBC}") = "NanoFlow", "NanoFlow.csproj", "{B7CF7596-7179-4EB5-B7AF-0C57881AC57F}"
EndProject
Global
	GlobalSection(SolutionConfigurationPlatforms) = preSolution
		Debug|Any CPU = Debug|Any CPU
		Debug|ARM64 = Debug|ARM64
		Debug|x64 = Debug|x64
		Debug|x86 = Debug|x86
		Release|Any CPU = Release|Any CPU
		Release|ARM64 = Release|ARM64
		Release|x64 = Release|x64
		Release|x86 = Release|x86
	EndGlobalSection
	GlobalSection(ProjectConfigurationPlatforms) = postSolution
		{B7CF7596-7179-4EB5-B7AF-0C57881AC57F}.Debug|Any CPU.ActiveCfg = Debug|Any CPU
		{B7CF7596-7179-4EB5-B7AF-0C57881AC57F}.Debug|Any CPU.Build.0 = Debug|Any CPU
		{B7CF7596-7179-4EB5-B7AF-0C57881AC57F}.Debug|ARM64.ActiveCfg = Debug|ARM64
		{B7CF7596-7179-4EB5-B7AF-0C57881AC57F}.Debug|ARM64.Build.0 = Debug|ARM64
		{B7CF7596-7179-4EB5-B7AF-0C57881AC57F}.Debug|ARM64.Deploy.0 = Debug|ARM64
		{B7CF7596-7179-4EB5-B7AF-0C57881AC57F}.Debug|x64.ActiveCfg = Debug|x64
		{B7CF7596-7179-4EB5-B7AF-0C57881AC57F}.Debug|x64.Build.0 = Debug|x64
		{B7CF7596-7179-4EB5-B7AF-0C57881AC57F}.Debug|x64.Deploy.0 = Debug|x64
		{B7CF7596-7179-4EB5-B7AF-0C57881AC57F}.Debug|x86.ActiveCfg = Debug|x86
		{B7CF7596-7179-4EB5-B7AF-0C57881AC57F}.Debug|x86.Build.0 = Debug|x86
		{B7CF7596-7179-4EB5-B7AF-0C57881AC57F}.Debug|x86.Deploy.0 = Debug|x86
		{B7CF7596-7179-4EB5-B7AF-0C57881AC57F}.Release|Any CPU.ActiveCfg = Release|Any CPU
		{B7CF7596-7179-4EB5-B7AF-0C57881AC57F}.Release|Any CPU.Build.0 = Release|Any CPU
		{B7CF7596-7179-4EB5-B7AF-0C57881AC57F}.Release|ARM64.ActiveCfg = Release|ARM64
		{B7CF7596-7179-4EB5-B7AF-0C57881AC57F}.Release|ARM64.Build.0 = Release|ARM64
		{B7CF7596-7179-4EB5-B7AF-0C57881AC57F}.Release|ARM64.Deploy.0 = Release|ARM64
		{B7CF7596-7179-4EB5-B7AF-0C57881AC57F}.Release|x64.ActiveCfg = Release|x64
		{B7CF7596-7179-4EB5-B7AF-0C57881AC57F}.Release|x64.Build.0 = Release|x64
		{B7CF7596-7179-4EB5-B7AF-0C57881AC57F}.Release|x64.Deploy.0 = Release|x64
		{B7CF7596-7179-4EB5-B7AF-0C57881AC57F}.Release|x86.ActiveCfg = Release|x86
		{B7CF7596-7179-4EB5-B7AF-0C57881AC57F}.Release|x86.Build.0 = Release|x86
		{B7CF7596-7179-4EB5-B7AF-0C57881AC57F}.Release|x86.Deploy.0 = Release|x86
	EndGlobalSection
	GlobalSection(SolutionProperties) = preSolution
		HideSolutionNode = FALSE
	EndGlobalSection
	GlobalSection(ExtensibilityGlobals) = postSolution
		SolutionGuid = {14BB09CB-E7C5-4C04-85AA-3F0F0C410D64}
	EndGlobalSection
EndGlobal
